{
    "_meta": {
        "hash": {
            "sha256": "9c219c7e813897ca77f7a9dd3d1920f6a384a21eb9818109a0a6ee0a83649e56"
        },
        "pipfile-spec": 6,
        "requires": {
            "python_version": "3.7"
        },
        "sources": [
            {
                "name": "pypi",
                "url": "https://pypi.org/simple",
                "verify_ssl": true
            }
        ]
    },
    "default": {
        "certifi": {
            "hashes": [
                "sha256:017c25db2a153ce562900032d5bc68e9f191e44e9a0f762f373977de9df1fbb3",
                "sha256:25b64c7da4cd7479594d035c08c2d809eb4aab3a26e5a990ea98cc450c320f1f"
            ],
            "version": "==2019.11.28"
        },
        "chardet": {
            "hashes": [
                "sha256:84ab92ed1c4d4f16916e05906b6b75a6c0fb5db821cc65e70cbd64a3e2a5eaae",
                "sha256:fc323ffcaeaed0e0a02bf4d117757b98aed530d9ed4531e3e15460124c106691"
            ],
            "version": "==3.0.4"
        },
        "dukpy": {
            "hashes": [
                "sha256:10c47bd030c4e224788496d57aef59762fd1531049db3b178a76f9fd708089b5",
                "sha256:111ba2a22465002bbfb6572fd28f81c7c3222bdb566215ef81104bff9357caae",
                "sha256:296f6c1529ad03722cd1edc5f4bdf0a59b54ed6d7fa6e766c2765dc31a089804",
                "sha256:2e62bb46ba6f1dc45f723a487d4c3ee2fe49502b031fcdfe7dba412243402abe",
                "sha256:32b1555346cd5f6695534f6a15d78d783cb4a8a081c43ca6e3ff4566b14732ef",
                "sha256:3889a8044224d8422555f4b00926a3f1ed1ede2324378f52575bd636823c6747",
                "sha256:3b2c868920a43d007985bca459a4bd165597e2aa7d0dad021d4c33cf6611a476",
                "sha256:411ba7fb244bc1615c26b6b831662b0127d2213e094f65988f5211a0e1de0557",
                "sha256:52099282c36e36548a00ce1af078b537061682713d771511160c957e4423713a",
                "sha256:6277b2b36c1cc4d372d7875491eb3db8907123844e0b54af74dab0f7d02ce533",
                "sha256:7bc227439fdc9eabed11f4cded336b5f5c4a2796dcb95a071cd03cb9fe194b59",
                "sha256:7be7ccb621879ac4b409a4a5b691eeafd247916072cb6aa39e47326d020b18b8",
                "sha256:7cf6fa0931fe0732a9f5857dcf144d8d96c1f7b96fef481bef7c9a9c367083fb",
                "sha256:a6ad1b26c3e54b0f60616ddadade1382a7b669dd4fc6e095c83b2b6b8e016833",
                "sha256:a80833e057e65de73dad6bc396d6aaa4d23683f87efe2483cd969ff3c9279aff",
                "sha256:b0b1b529fcdc296a92e81d80b3b52ed6365ebf7edabf8aaabac5c256e36f39b8",
                "sha256:b5c833e59e0d0992a8a3b5d73e0f3aaf33a32412db85c6c303feac0357e04228",
                "sha256:b7fee6d6400e0e82d75edf5a4266394674805bc5251e01b554cb3ad2a031ee88",
                "sha256:bbd4abb6457cc08616bc869ac83cedd5f46f2ef8d0081c86940cdca9ebea07ae",
                "sha256:c165f452bb2a565ff7082e1a2f17a84c5355a5a3146147ab686fe6c12d1ce04e",
                "sha256:c64b2ad3031259688cbc5d535d75c22a4e541c251ed9c7c53f41fb06ad704840",
                "sha256:ddaaa9e9fa06e44523d36af98ccd3416cb61ffa0eeae4e763c7e0876887346be",
                "sha256:f82842f38904a97981c86221a13634b9f5ebc44ffd1aa2d734300608b4b1aaf8",
                "sha256:f8a526ec733b405e366f59c376530ce9f59797bbe6933a0ad6945628fad04626",
                "sha256:f9c63a0f7ae7696c4cba863e1cc45fb6c05b8f00c90eef2c2318dbea36ec3e90"
            ],
            "version": "==0.2.2"
        },
        "idna": {
            "hashes": [
                "sha256:c357b3f628cf53ae2c4c05627ecc484553142ca23264e593d327bcde5e9c3407",
                "sha256:ea8b7f6188e6fa117537c3df7da9fc686d485087abf6ac197f9c46432f7e4a3c"
            ],
            "version": "==2.8"
        },
        "numpy": {
            "hashes": [
                "sha256:03bbde29ac8fba860bb2c53a1525b3604a9b60417855ac3119d89868ec6041c3",
                "sha256:1baefd1fb4695e7f2e305467dbd876d765e6edd30c522894df76f8301efaee36",
                "sha256:1c35fb1131362e6090d30286cfda52ddd42e69d3e2bf1fea190a0fad83ea3a18",
                "sha256:3c68c827689ca0ca713dba598335073ce0966850ec0b30715527dce4ecd84055",
                "sha256:443ab93fc35b31f01db8704681eb2fd82f3a1b2fa08eed2dd0e71f1f57423d4a",
                "sha256:56710a756c5009af9f35b91a22790701420406d9ac24cf6b652b0e22cfbbb7ff",
                "sha256:62506e9e4d2a39c87984f081a2651d4282a1d706b1a82fe9d50a559bb58e705a",
                "sha256:6f8113c8dbfc192b58996ee77333696469ea121d1c44ea429d8fd266e4c6be51",
                "sha256:712f0c32555132f4b641b918bdb1fd3c692909ae916a233ce7f50eac2de87e37",
                "sha256:854f6ed4fa91fa6da5d764558804ba5b0f43a51e5fe9fc4fdc93270b052f188a",
                "sha256:88c5ccbc4cadf39f32193a5ef22e3f84674418a9fd877c63322917ae8f295a56",
                "sha256:905cd6fa6ac14654a6a32b21fad34670e97881d832e24a3ca32e19b455edb4a8",
                "sha256:9d6de2ad782aae68f7ed0e0e616477fbf693d6d7cc5f0f1505833ff12f84a673",
                "sha256:a30f5c3e1b1b5d16ec1f03f4df28e08b8a7529d8c920bbed657f4fde61f1fbcd",
                "sha256:a9d72d9abaf65628f0f31bbb573b7d9304e43b1e6bbae43149c17737a42764c4",
                "sha256:ac3cf835c334fcc6b74dc4e630f9b5ff7b4c43f7fb2a7813208d95d4e10b5623",
                "sha256:b091e5d4cbbe79f0e8b6b6b522346e54a282eadb06e3fd761e9b6fafc2ca91ad",
                "sha256:cc070fc43a494e42732d6ae2f6621db040611c1dde64762a40c8418023af56d7",
                "sha256:e1080e37c090534adb2dd7ae1c59ee883e5d8c3e63d2a4d43c20ee348d0459c5",
                "sha256:f084d513de729ff10cd72a1f80db468cff464fedb1ef2fea030221a0f62d7ff4",
                "sha256:f6a7421da632fc01e8a3ecd19c3f7350258d82501a646747664bae9c6a87c731"
            ],
            "version": "==1.18.0"
        },
        "pandas": {
            "hashes": [
                "sha256:00dff3a8e337f5ed7ad295d98a31821d3d0fe7792da82d78d7fd79b89c03ea9d",
                "sha256:22361b1597c8c2ffd697aa9bf85423afa9e1fcfa6b1ea821054a244d5f24d75e",
                "sha256:255920e63850dc512ce356233081098554d641ba99c3767dde9e9f35630f994b",
                "sha256:26382aab9c119735908d94d2c5c08020a4a0a82969b7e5eefb92f902b3b30ad7",
                "sha256:33970f4cacdd9a0ddb8f21e151bfb9f178afb7c36eb7c25b9094c02876f385c2",
                "sha256:4545467a637e0e1393f7d05d61dace89689ad6d6f66f267f86fff737b702cce9",
                "sha256:52da74df8a9c9a103af0a72c9d5fdc8e0183a90884278db7f386b5692a2220a4",
                "sha256:61741f5aeb252f39c3031d11405305b6d10ce663c53bc3112705d7ad66c013d0",
                "sha256:6a3ac2c87e4e32a969921d1428525f09462770c349147aa8e9ab95f88c71ec71",
                "sha256:7458c48e3d15b8aaa7d575be60e1e4dd70348efcd9376656b72fecd55c59a4c3",
                "sha256:78bf638993219311377ce9836b3dc05f627a666d0dbc8cec37c0ff3c9ada673b",
                "sha256:8153705d6545fd9eb6dd2bc79301bff08825d2e2f716d5dced48daafc2d0b81f",
                "sha256:975c461accd14e89d71772e89108a050fa824c0b87a67d34cedf245f6681fc17",
                "sha256:9962957a27bfb70ab64103d0a7b42fa59c642fb4ed4cb75d0227b7bb9228535d",
                "sha256:adc3d3a3f9e59a38d923e90e20c4922fc62d1e5a03d083440468c6d8f3f1ae0a",
                "sha256:bbe3eb765a0b1e578833d243e2814b60c825b7fdbf4cdfe8e8aae8a08ed56ecf",
                "sha256:df8864824b1fe488cf778c3650ee59c3a0d8f42e53707de167ba6b4f7d35f133",
                "sha256:e45055c30a608076e31a9fcd780a956ed3b1fa20db61561b8d88b79259f526f7",
                "sha256:ee50c2142cdcf41995655d499a157d0a812fce55c97d9aad13bc1eef837ed36c"
            ],
            "index": "pypi",
            "version": "==0.25.3"
        },
        "pycryptodome": {
            "hashes": [
                "sha256:042ae873baadd0c33b4d699a5c5b976ade3233a979d972f98ca82314632d868c",
                "sha256:0502876279772b1384b660ccc91563d04490d562799d8e2e06b411e2d81128a9",
                "sha256:2de33ed0a95855735d5a0fc0c39603314df9e78ee8bbf0baa9692fb46b3b8bbb",
                "sha256:319e568baf86620b419d53063b18c216abf924875966efdfe06891b987196a45",
                "sha256:4372ec7518727172e1605c0843cdc5375d4771e447b8148c787b860260aae151",
                "sha256:48821950ffb9c836858d8fa09d7840b6df52eadd387a3c5acece55cb387743f9",
                "sha256:4b9533d4166ca07abdd49ce9d516666b1df944997fe135d4b21ac376aa624aff",
                "sha256:54456cf85130e01674d21fb1ab89ffccacb138a8ade88d72fa2b0ac898d2798b",
                "sha256:56fdd0e425f1b8fd3a00b6d96351f86226674974814c50534864d0124d48871f",
                "sha256:57b1b707363490c495ad0eeb38bd1b0e1697c497af25fad78d3a1ebf0477fd5b",
                "sha256:5c485ed6e9718ebcaa81138fa70ace9c563d202b56a8cee119b4085b023931f5",
                "sha256:63c103a22cbe9752f6ea9f1a0de129995bad91c4d03a66c67cffcf6ee0c9f1e1",
                "sha256:68fab8455efcbfe87c5d75015476f9b606227ffe244d57bfd66269451706e899",
                "sha256:6c2720696b10ae356040e888bde1239b8957fe18885ccf5e7b4e8dec882f0856",
                "sha256:72166c2ac520a5dbd2d90208b9c279161ec0861662a621892bd52fb6ca13ab91",
                "sha256:7c52308ac5b834331b2f107a490b2c27de024a229b61df4cdc5c131d563dfe98",
                "sha256:87d8d85b4792ca5e730fb7a519fbc3ed976c59dcf79c5204589c59afd56b9926",
                "sha256:896e9b6fd0762aa07b203c993fbbee7a1f1a4674c6886afd7bfa86f3d1be98a8",
                "sha256:8a799bea3c6617736e914a2e77c409f52893d382f619f088f8a80e2e21f573c1",
                "sha256:9d9945ac8375d5d8e60bd2a2e1df5882eaa315522eedf3ca868b1546dfa34eba",
                "sha256:9ef966c727de942de3e41aa8462c4b7b4bca70f19af5a3f99e31376589c11aac",
                "sha256:a168e73879619b467072509a223282a02c8047d932a48b74fbd498f27224aa04",
                "sha256:a30f501bbb32e01a49ef9e09ca1260e5ab49bf33a257080ec553e08997acc487",
                "sha256:a8ca2450394d3699c9f15ef25e8de9a24b401933716a1e39d37fa01f5fe3c58b",
                "sha256:aec4d42deb836b8fb3ba32f2ba1ef0d33dd3dc9d430b1479ee7a914490d15b5e",
                "sha256:b4af098f2a50f8d048ab12cabb59456585c0acf43d90ee79782d2d6d0ed59dba",
                "sha256:b55c60c321ac91945c60a40ac9896ac7a3d432bb3e8c14006dfd82ad5871c331",
                "sha256:c53348358408d94869059e16fba5ff3bef8c52c25b18421472aba272b9bb450f",
                "sha256:cbfd97f9e060f0d30245cd29fa267a9a84de9da97559366fca0a3f7655acc63f",
                "sha256:d3fe3f33ad52bf0c19ee6344b695ba44ffbfa16f3c29ca61116b48d97bd970fb",
                "sha256:e3a79a30d15d9c7c284a7734036ee8abdb5ca3a6f5774d293cdc9e1358c1dc10",
                "sha256:eec0689509389f19875f66ae8dedd59f982240cdab31b9f78a8dc266011df93a"
            ],
            "version": "==3.9.4"
        },
        "pyodbc": {
            "hashes": [
                "sha256:259b2554d2b8c9a6247871fec741b526f0b63a0e42676bd8f210e214a3015129",
                "sha256:49ba851be2d9d07cc1472b43febc93e3362c1e09ceb3eac84693a6690d090165",
                "sha256:4f3c788d231907f45ea329cd245b398b165d9d28809f55814240eea775a6b1cd",
                "sha256:510643354c4c687ed96bf7e7cec4d02d6c626ecf3e18696f5a0228dd6d11b769",
                "sha256:5d1abca8f5bdab1515e300d05c63c25d072a123c7089a554290b5b9e83168eb6",
                "sha256:8ad9aa2a851242109141e4275c2a9b4d4379e00288959acd877501ee90aa3955",
                "sha256:a1a1687edef4319ae533e1d789c6c8241459f04af9e4db76e6e4045c530239de",
                "sha256:ae35c455bfbadc631ee20df6657bfda0779bdc80badfd9d13741433dd78785e6",
                "sha256:f37f26ae909101465a085ef51b9dde35afc93b7c7e38c25b61b124b110aa9998"
            ],
            "index": "pypi",
            "version": "==4.0.28"
        },
        "pypac": {
            "hashes": [
                "sha256:a1eac0e3224939fcc691c8ad815f9cd24d737c8e0cf9c9905a01821bbe8f1414"
            ],
            "index": "pypi",
            "version": "==0.13.0"
        },
        "python-dateutil": {
            "hashes": [
                "sha256:73ebfe9dbf22e832286dafa60473e4cd239f8592f699aa5adaf10050e6e1823c",
                "sha256:75bb3f31ea686f1197762692a9ee6a7550b59fc6ca3a1f4b5d7e32fb98e2da2a"
            ],
            "version": "==2.8.1"
        },
        "pytz": {
            "hashes": [
                "sha256:1c557d7d0e871de1f5ccd5833f60fb2550652da6be2693c1e02300743d21500d",
                "sha256:b02c06db6cf09c12dd25137e563b31700d3b80fcc4ad23abb7a315f2789819be"
            ],
            "version": "==2019.3"
        },
        "pyyaml": {
            "hashes": [
                "sha256:0e7f69397d53155e55d10ff68fdfb2cf630a35e6daf65cf0bdeaf04f127c09dc",
                "sha256:2e9f0b7c5914367b0916c3c104a024bb68f269a486b9d04a2e8ac6f6597b7803",
                "sha256:35ace9b4147848cafac3db142795ee42deebe9d0dad885ce643928e88daebdcc",
                "sha256:38a4f0d114101c58c0f3a88aeaa44d63efd588845c5a2df5290b73db8f246d15",
                "sha256:483eb6a33b671408c8529106df3707270bfacb2447bf8ad856a4b4f57f6e3075",
                "sha256:4b6be5edb9f6bb73680f5bf4ee08ff25416d1400fbd4535fe0069b2994da07cd",
                "sha256:7f38e35c00e160db592091751d385cd7b3046d6d51f578b29943225178257b31",
                "sha256:8100c896ecb361794d8bfdb9c11fce618c7cf83d624d73d5ab38aef3bc82d43f",
                "sha256:c0ee8eca2c582d29c3c2ec6e2c4f703d1b7f1fb10bc72317355a746057e7346c",
                "sha256:e4c015484ff0ff197564917b4b4246ca03f411b9bd7f16e02a2f586eb48b6d04",
                "sha256:ebc4ed52dcc93eeebeae5cf5deb2ae4347b3a81c3fa12b0b8c976544829396a4"
            ],
            "index": "pypi",
            "version": "==5.2"
        },
        "requests": {
            "hashes": [
                "sha256:11e007a8a2aa0323f5a921e9e6a2d7e4e67d9877e85773fba9ba6419025cbeb4",
                "sha256:9cf5292fcd0f598c671cfc1e0d7d1a7f13bb8085e9a590f48c010551dc6c4b31"
            ],
            "version": "==2.22.0"
        },
        "six": {
            "hashes": [
                "sha256:1f1b7d42e254082a9db6279deae68afb421ceba6158efa6131de7b3003ee93fd",
                "sha256:30f610279e8b2578cab6db20741130331735c781b56053c59c4076da27f06b66"
            ],
            "version": "==1.13.0"
        },
        "teradatasql": {
            "hashes": [
                "sha256:c5d04772f9522a32f56df1bf05e77bb88dce155eeb7adb504d29eeef99bb3fce"
            ],
            "index": "pypi",
            "version": "==16.20.0.58"
        },
        "tld": {
            "hashes": [
                "sha256:10ab9a854e68758ab3aa5ede87eac6162a91d51b0f426cc180c386dd717bd3f1",
                "sha256:1d4ee60fbbefa70cad44329825dbedfb0fed6f1ef3b66d23f5cc3f2f3bbbd803",
                "sha256:2c03cb3650c2ed6ab66ea9bab3673be5b0ec9334092b746f64c7848f295d64c5",
                "sha256:b22f50b382f7340417579e768df84f9984a5e4ab55473f137a4fbeecb355cf1c",
                "sha256:c5fe79df74b68ebc33406dfadc69f6484dee8005035a129fdb40b8fabfd06e9f",
                "sha256:d1275ed59acfd13d675a4b72c2b4ce7c889b61c961886af92b6b8780e8e3e9df"
            ],
            "version": "==0.11.9"
        },
        "urllib3": {
            "hashes": [
                "sha256:a8a318824cc77d1fd4b2bec2ded92646630d7fe8619497b142c84a9e6f5a7293",
                "sha256:f3c5fd51747d450d4dcf6f923c81f78f811aab8205fda64b0aba34a4e48b0745"
            ],
            "version": "==1.25.7"
        }
    },
    "develop": {}
}
